
Microsoft Visual Studio Solution File, Format Version 12.00
# Visual Studio Version 16
VisualStudioVersion = 16.0.31005.135
MinimumVisualStudioVersion = 10.0.40219.1
Project("{FAE04EC0-301F-11D3-BF4B-00C04F79EFBC}") = "IGCIT Driver Switch", "IGCIT Driver Switch.csproj", "{DAF3B1E9-08D5-4B0A-81E2-F7D6E5D0F630}"
EndProject
Global
	GlobalSection(SolutionConfigurationPlatforms) = preSolution
		Debug|Any CPU = Debug|Any CPU
		Debug|x64 = Debug|x64
		Release|Any CPU = Release|Any CPU
		Release|x64 = Release|x64
	EndGlobalSection
	GlobalSection(ProjectConfigurationPlatforms) = postSolution
		{DAF3B1E9-08D5-4B0A-81E2-F7D6E5D0F630}.Debug|Any CPU.ActiveCfg = Debug|Any CPU
		{DAF3B1E9-08D5-4B0A-81E2-F7D6E5D0F630}.Debug|Any CPU.Build.0 = Debug|Any CPU
		{DAF3B1E9-08D5-4B0A-81E2-F7D6E5D0F630}.Debug|x64.ActiveCfg = Debug|x64
		{DAF3B1E9-08D5-4B0A-81E2-F7D6E5D0F630}.Debug|x64.Build.0 = Debug|x64
		{DAF3B1E9-08D5-4B0A-81E2-F7D6E5D0F630}.Release|Any CPU.ActiveCfg = Release|Any CPU
		{DAF3B1E9-08D5-4B0A-81E2-F7D6E5D0F630}.Release|Any CPU.Build.0 = Release|Any CPU
		{DAF3B1E9-08D5-4B0A-81E2-F7D6E5D0F630}.Release|x64.ActiveCfg = Release|x64
		{DAF3B1E9-08D5-4B0A-81E2-F7D6E5D0F630}.Release|x64.Build.0 = Release|x64
	EndGlobalSection
	GlobalSection(SolutionProperties) = preSolution
		HideSolutionNode = FALSE
	EndGlobalSection
	GlobalSection(ExtensibilityGlobals) = postSolution
		SolutionGuid = {EABA9EDE-22E4-4F16-9B1E-0D2B3070F191}
	EndGlobalSection
EndGlobal
